
Microsoft Visual Studio Solution File, Format Version 12.00
# Visual Studio 15
VisualStudioVersion = 15.0.27130.2026
MinimumVisualStudioVersion = 10.0.40219.1
Project("{FAE04EC0-301F-11D3-BF4B-00C04F79EFBC}") = "RedisWebSite", "RedisWebSite\RedisWebSite.csproj", "{0F942D8F-4C8A-43A2-A3AF-4A154C624DBE}"
EndProject
Project("{FAE04EC0-301F-11D3-BF4B-00C04F79EFBC}") = "RedisModelEntity", "RedisModelEntity\RedisModelEntity.csproj", "{36B96AE1-1F28-42D2-8C14-28F4E816637F}"
EndProject
Project("{FAE04EC0-301F-11D3-BF4B-00C04F79EFBC}") = "RedisBasic", "RedisBasic\RedisBasic.csproj", "{2E922958-C949-412B-AC4E-2DA2F1B1FF9D}"
EndProject
Project("{FAE04EC0-301F-11D3-BF4B-00C04F79EFBC}") = "WebCoreUseRedisSession", "WebCoreUseRedisSession\WebCoreUseRedisSession.csproj", "{44F1AB98-E497-41A0-A2A3-8E493F36C7AD}"
EndProject
Global
	GlobalSection(SolutionConfigurationPlatforms) = preSolution
		Debug|Any CPU = Debug|Any CPU
		Release|Any CPU = Release|Any CPU
	EndGlobalSection
	GlobalSection(ProjectConfigurationPlatforms) = postSolution
		{0F942D8F-4C8A-43A2-A3AF-4A154C624DBE}.Debug|Any CPU.ActiveCfg = Debug|Any CPU
		{0F942D8F-4C8A-43A2-A3AF-4A154C624DBE}.Debug|Any CPU.Build.0 = Debug|Any CPU
		{0F942D8F-4C8A-43A2-A3AF-4A154C624DBE}.Release|Any CPU.ActiveCfg = Release|Any CPU
		{0F942D8F-4C8A-43A2-A3AF-4A154C624DBE}.Release|Any CPU.Build.0 = Release|Any CPU
		{36B96AE1-1F28-42D2-8C14-28F4E816637F}.Debug|Any CPU.ActiveCfg = Debug|Any CPU
		{36B96AE1-1F28-42D2-8C14-28F4E816637F}.Debug|Any CPU.Build.0 = Debug|Any CPU
		{36B96AE1-1F28-42D2-8C14-28F4E816637F}.Release|Any CPU.ActiveCfg = Release|Any CPU
		{36B96AE1-1F28-42D2-8C14-28F4E816637F}.Release|Any CPU.Build.0 = Release|Any CPU
		{2E922958-C949-412B-AC4E-2DA2F1B1FF9D}.Debug|Any CPU.ActiveCfg = Debug|Any CPU
		{2E922958-C949-412B-AC4E-2DA2F1B1FF9D}.Debug|Any CPU.Build.0 = Debug|Any CPU
		{2E922958-C949-412B-AC4E-2DA2F1B1FF9D}.Release|Any CPU.ActiveCfg = Release|Any CPU
		{2E922958-C949-412B-AC4E-2DA2F1B1FF9D}.Release|Any CPU.Build.0 = Release|Any CPU
		{44F1AB98-E497-41A0-A2A3-8E493F36C7AD}.Debug|Any CPU.ActiveCfg = Debug|Any CPU
		{44F1AB98-E497-41A0-A2A3-8E493F36C7AD}.Debug|Any CPU.Build.0 = Debug|Any CPU
		{44F1AB98-E497-41A0-A2A3-8E493F36C7AD}.Release|Any CPU.ActiveCfg = Release|Any CPU
		{44F1AB98-E497-41A0-A2A3-8E493F36C7AD}.Release|Any CPU.Build.0 = Release|Any CPU
	EndGlobalSection
	GlobalSection(SolutionProperties) = preSolution
		HideSolutionNode = FALSE
	EndGlobalSection
	GlobalSection(ExtensibilityGlobals) = postSolution
		SolutionGuid = {088EFCBD-05AF-4B5D-A358-6F9E2DA4DDEB}
	EndGlobalSection
EndGlobal
